
Microsoft Visual Studio Solution File, Format Version 12.00
# Visual Studio 15
VisualStudioVersion = 15.0.27428.2037
MinimumVisualStudioVersion = 10.0.40219.1
Project("{FAE04EC0-301F-11D3-BF4B-00C04F79EFBC}") = "LoginCountApp", "LoginCountApp\LoginCountApp.csproj", "{D0F3A432-9D4B-4EFC-BDED-726F6F47C1C3}"
EndProject
Global
	GlobalSection(SolutionConfigurationPlatforms) = preSolution
		Debug|Any CPU = Debug|Any CPU
		Release|Any CPU = Release|Any CPU
	EndGlobalSection
	GlobalSection(ProjectConfigurationPlatforms) = postSolution
		{D0F3A432-9D4B-4EFC-BDED-726F6F47C1C3}.Debug|Any CPU.ActiveCfg = Debug|Any CPU
		{D0F3A432-9D4B-4EFC-BDED-726F6F47C1C3}.Debug|Any CPU.Build.0 = Debug|Any CPU
		{D0F3A432-9D4B-4EFC-BDED-726F6F47C1C3}.Release|Any CPU.ActiveCfg = Release|Any CPU
		{D0F3A432-9D4B-4EFC-BDED-726F6F47C1C3}.Release|Any CPU.Build.0 = Release|Any CPU
	EndGlobalSection
	GlobalSection(SolutionProperties) = preSolution
		HideSolutionNode = FALSE
	EndGlobalSection
	GlobalSection(ExtensibilityGlobals) = postSolution
		SolutionGuid = {9C39345A-9E33-4FC9-A9B6-224076D13B9C}
	EndGlobalSection
EndGlobal
